
Microsoft Visual Studio Solution File, Format Version 12.00
# Visual Studio 15
VisualStudioVersion = 15.0.28307.329
MinimumVisualStudioVersion = 10.0.40219.1
Project("{FAE04EC0-301F-11D3-BF4B-00C04F79EFBC}") = "ToDoUI", "ToDoUI\ToDoUI.csproj", "{9BC440BC-0A8B-401A-936C-6D68DF32328E}"
EndProject
Project("{FAE04EC0-301F-11D3-BF4B-00C04F79EFBC}") = "ToDoApi", "ToDoApi\ToDoApi.csproj", "{654FAB0D-9F79-415B-8EEF-0751A196C983}"
EndProject
Global
	GlobalSection(SolutionConfigurationPlatforms) = preSolution
		Debug|Any CPU = Debug|Any CPU
		Release|Any CPU = Release|Any CPU
	EndGlobalSection
	GlobalSection(ProjectConfigurationPlatforms) = postSolution
		{9BC440BC-0A8B-401A-936C-6D68DF32328E}.Debug|Any CPU.ActiveCfg = Debug|Any CPU
		{9BC440BC-0A8B-401A-936C-6D68DF32328E}.Debug|Any CPU.Build.0 = Debug|Any CPU
		{9BC440BC-0A8B-401A-936C-6D68DF32328E}.Release|Any CPU.ActiveCfg = Release|Any CPU
		{9BC440BC-0A8B-401A-936C-6D68DF32328E}.Release|Any CPU.Build.0 = Release|Any CPU
		{654FAB0D-9F79-415B-8EEF-0751A196C983}.Debug|Any CPU.ActiveCfg = Debug|Any CPU
		{654FAB0D-9F79-415B-8EEF-0751A196C983}.Debug|Any CPU.Build.0 = Debug|Any CPU
		{654FAB0D-9F79-415B-8EEF-0751A196C983}.Release|Any CPU.ActiveCfg = Release|Any CPU
		{654FAB0D-9F79-415B-8EEF-0751A196C983}.Release|Any CPU.Build.0 = Release|Any CPU
	EndGlobalSection
	GlobalSection(SolutionProperties) = preSolution
		HideSolutionNode = FALSE
	EndGlobalSection
	GlobalSection(ExtensibilityGlobals) = postSolution
		SolutionGuid = {B07A51AC-7460-43D1-AD80-B0BB64C1F3FB}
	EndGlobalSection
EndGlobal
